
Microsoft Visual Studio Solution File, Format Version 12.00
# Visual Studio Version 16
VisualStudioVersion = 16.0.29102.190
MinimumVisualStudioVersion = 10.0.40219.1
Project("{FAE04EC0-301F-11D3-BF4B-00C04F79EFBC}") = "DesignPatterns", "DesignPatterns\DesignPatterns.csproj", "{EF628548-26F4-4EEE-A014-6A72246BF49F}"
EndProject
Global
	GlobalSection(SolutionConfigurationPlatforms) = preSolution
		Debug|Any CPU = Debug|Any CPU
		Release|Any CPU = Release|Any CPU
	EndGlobalSection
	GlobalSection(ProjectConfigurationPlatforms) = postSolution
		{EF628548-26F4-4EEE-A014-6A72246BF49F}.Debug|Any CPU.ActiveCfg = Debug|Any CPU
		{EF628548-26F4-4EEE-A014-6A72246BF49F}.Debug|Any CPU.Build.0 = Debug|Any CPU
		{EF628548-26F4-4EEE-A014-6A72246BF49F}.Release|Any CPU.ActiveCfg = Release|Any CPU
		{EF628548-26F4-4EEE-A014-6A72246BF49F}.Release|Any CPU.Build.0 = Release|Any CPU
	EndGlobalSection
	GlobalSection(SolutionProperties) = preSolution
		HideSolutionNode = FALSE
	EndGlobalSection
	GlobalSection(ExtensibilityGlobals) = postSolution
		SolutionGuid = {099C0CE5-FC2E-4757-B743-E182137FA2B5}
	EndGlobalSection
EndGlobal
